
Microsoft Visual Studio Solution File, Format Version 12.00
# Visual Studio 15
VisualStudioVersion = 15.0.27130.2024
MinimumVisualStudioVersion = 10.0.40219.1
Project("{FAE04EC0-301F-11D3-BF4B-00C04F79EFBC}") = "Sample_Dotnet", "Sample_Dotnet\Sample_Dotnet.csproj", "{AEF5B02A-68BE-448F-9E45-77E94E5FCA62}"
EndProject
Global
	GlobalSection(SolutionConfigurationPlatforms) = preSolution
		Debug|Any CPU = Debug|Any CPU
		Release|Any CPU = Release|Any CPU
	EndGlobalSection
	GlobalSection(ProjectConfigurationPlatforms) = postSolution
		{AEF5B02A-68BE-448F-9E45-77E94E5FCA62}.Debug|Any CPU.ActiveCfg = Debug|Any CPU
		{AEF5B02A-68BE-448F-9E45-77E94E5FCA62}.Debug|Any CPU.Build.0 = Debug|Any CPU
		{AEF5B02A-68BE-448F-9E45-77E94E5FCA62}.Release|Any CPU.ActiveCfg = Release|Any CPU
		{AEF5B02A-68BE-448F-9E45-77E94E5FCA62}.Release|Any CPU.Build.0 = Release|Any CPU
	EndGlobalSection
	GlobalSection(SolutionProperties) = preSolution
		HideSolutionNode = FALSE
	EndGlobalSection
	GlobalSection(ExtensibilityGlobals) = postSolution
		SolutionGuid = {D4FF8740-86C4-47A2-A121-EE8C3DC06732}
	EndGlobalSection
EndGlobal
